
Microsoft Visual Studio Solution File, Format Version 12.00
# Visual Studio Version 17
VisualStudioVersion = 17.14.37628.2 d17.14
MinimumVisualStudioVersion = 10.0.40219.1
Project("{FAE04EC0-301F-11D3-BF4B-00C04F79EFBC}") = "QuanLyThuVien", "QuanLyThuVien.csproj", "{F4608FCC-62AA-404E-8967-43F25E002AF3}"
EndProject
Global
	GlobalSection(SolutionConfigurationPlatforms) = preSolution
		Debug|Any CPU = Debug|Any CPU
		Release|Any CPU = Release|Any CPU
	EndGlobalSection
	GlobalSection(ProjectConfigurationPlatforms) = postSolution
		{F4608FCC-62AA-404E-8967-43F25E002AF3}.Debug|Any CPU.ActiveCfg = Debug|Any CPU
		{F4608FCC-62AA-404E-8967-43F25E002AF3}.Debug|Any CPU.Build.0 = Debug|Any CPU
		{F4608FCC-62AA-404E-8967-43F25E002AF3}.Release|Any CPU.ActiveCfg = Release|Any CPU
		{F4608FCC-62AA-404E-8967-43F25E002AF3}.Release|Any CPU.Build.0 = Release|Any CPU
	EndGlobalSection
	GlobalSection(SolutionProperties) = preSolution
		HideSolutionNode = FALSE
	EndGlobalSection
	GlobalSection(ExtensibilityGlobals) = postSolution
		SolutionGuid = {D8713A46-57D0-4F4C-95D7-04C42545711A}
	EndGlobalSection
EndGlobal
